
Microsoft Visual Studio Solution File, Format Version 12.00
# Visual Studio Version 17
VisualStudioVersion = 17.9.34714.143
MinimumVisualStudioVersion = 10.0.40219.1
Project("{FAE04EC0-301F-11D3-BF4B-00C04F79EFBC}") = "MathWiz", "MathWiz.csproj", "{D04B9AF4-94D0-4A67-9316-6CB9E01FE41C}"
EndProject
Global
	GlobalSection(SolutionConfigurationPlatforms) = preSolution
		Debug|Any CPU = Debug|Any CPU
		Release|Any CPU = Release|Any CPU
	EndGlobalSection
	GlobalSection(ProjectConfigurationPlatforms) = postSolution
		{D04B9AF4-94D0-4A67-9316-6CB9E01FE41C}.Debug|Any CPU.ActiveCfg = Debug|Any CPU
		{D04B9AF4-94D0-4A67-9316-6CB9E01FE41C}.Debug|Any CPU.Build.0 = Debug|Any CPU
		{D04B9AF4-94D0-4A67-9316-6CB9E01FE41C}.Release|Any CPU.ActiveCfg = Release|Any CPU
		{D04B9AF4-94D0-4A67-9316-6CB9E01FE41C}.Release|Any CPU.Build.0 = Release|Any CPU
	EndGlobalSection
	GlobalSection(SolutionProperties) = preSolution
		HideSolutionNode = FALSE
	EndGlobalSection
	GlobalSection(ExtensibilityGlobals) = postSolution
		SolutionGuid = {1AD9CC93-B270-41F9-BA82-78657F57EC69}
	EndGlobalSection
EndGlobal
